
Microsoft Visual Studio Solution File, Format Version 12.00
# Visual Studio Version 16
VisualStudioVersion = 16.0.30717.126
MinimumVisualStudioVersion = 10.0.40219.1
Project("{FAE04EC0-301F-11D3-BF4B-00C04F79EFBC}") = "StarshipsFun", "StarshipsFun\StarshipsFun.csproj", "{F501EC9E-B741-414A-BF5E-14F551F41665}"
EndProject
Project("{FAE04EC0-301F-11D3-BF4B-00C04F79EFBC}") = "StarshipsFun.Tests", "StarshipsFun.Tests\StarshipsFun.Tests.csproj", "{EDBC6E5F-CDE3-4EF1-853E-39790BB7D1E3}"
EndProject
Global
	GlobalSection(SolutionConfigurationPlatforms) = preSolution
		Debug|Any CPU = Debug|Any CPU
		Release|Any CPU = Release|Any CPU
	EndGlobalSection
	GlobalSection(ProjectConfigurationPlatforms) = postSolution
		{F501EC9E-B741-414A-BF5E-14F551F41665}.Debug|Any CPU.ActiveCfg = Debug|Any CPU
		{F501EC9E-B741-414A-BF5E-14F551F41665}.Debug|Any CPU.Build.0 = Debug|Any CPU
		{F501EC9E-B741-414A-BF5E-14F551F41665}.Release|Any CPU.ActiveCfg = Release|Any CPU
		{F501EC9E-B741-414A-BF5E-14F551F41665}.Release|Any CPU.Build.0 = Release|Any CPU
		{EDBC6E5F-CDE3-4EF1-853E-39790BB7D1E3}.Debug|Any CPU.ActiveCfg = Debug|Any CPU
		{EDBC6E5F-CDE3-4EF1-853E-39790BB7D1E3}.Debug|Any CPU.Build.0 = Debug|Any CPU
		{EDBC6E5F-CDE3-4EF1-853E-39790BB7D1E3}.Release|Any CPU.ActiveCfg = Release|Any CPU
		{EDBC6E5F-CDE3-4EF1-853E-39790BB7D1E3}.Release|Any CPU.Build.0 = Release|Any CPU
	EndGlobalSection
	GlobalSection(SolutionProperties) = preSolution
		HideSolutionNode = FALSE
	EndGlobalSection
	GlobalSection(ExtensibilityGlobals) = postSolution
		SolutionGuid = {8824C031-3A28-461E-84E6-592E8C92D9B0}
	EndGlobalSection
EndGlobal
